// !$*UTF8*$!
{
	archiveVersion = 1;
	classes = {
	};
	objectVersion = 46;
	objects = {

/* Begin PBXBuildFile section */
		C33A595F19C7132100149BF2 /* AppDelegate.swift in Sources */ = {isa = PBXBuildFile; fileRef = C33A595E19C7132100149BF2 /* AppDelegate.swift */; };
		C33A596619C7132100149BF2 /* Main.storyboard in Resources */ = {isa = PBXBuildFile; fileRef = C33A596419C7132100149BF2 /* Main.storyboard */; };
		C33A596819C7132100149BF2 /* Images.xcassets in Resources */ = {isa = PBXBuildFile; fileRef = C33A596719C7132100149BF2 /* Images.xcassets */; };
		C33A597419C7132100149BF2 /* GitTestTests.swift in Sources */ = {isa = PBXBuildFile; fileRef = C33A597319C7132100149BF2 /* GitTestTests.swift */; };
		C33A598019C713E900149BF2 /* DetailViewController.swift in Sources */ = {isa = PBXBuildFile; fileRef = C33A597D19C713E900149BF2 /* DetailViewController.swift */; };
		C33A598119C713E900149BF2 /* MasterViewController.swift in Sources */ = {isa = PBXBuildFile; fileRef = C33A597E19C713E900149BF2 /* MasterViewController.swift */; };
		C33A598219C713E900149BF2 /* Pizza.swift in Sources */ = {isa = PBXBuildFile; fileRef = C33A597F19C713E900149BF2 /* Pizza.swift */; };
/* End PBXBuildFile section */

/* Begin PBXContainerItemProxy section */
		C33A596E19C7132100149BF2 /* PBXContainerItemProxy */ = {
			isa = PBXContainerItemProxy;
			containerPortal = C33A595119C7132100149BF2 /* Project object */;
			proxyType = 1;
			remoteGlobalIDString = C33A595819C7132100149BF2;
			remoteInfo = GitTest;
		};
/* End PBXContainerItemProxy section */

/* Begin PBXFileReference section */
		C33A595919C7132100149BF2 /* GitTest.app */ = {isa = PBXFileReference; explicitFileType = wrapper.application; includeInIndex = 0; path = GitTest.app; sourceTree = BUILT_PRODUCTS_DIR; };
		C33A595D19C7132100149BF2 /* Info.plist */ = {isa = PBXFileReference; lastKnownFileType = text.plist.xml; path = Info.plist; sourceTree = "<group>"; };
		C33A595E19C7132100149BF2 /* AppDelegate.swift */ = {isa = PBXFileReference; lastKnownFileType = sourcecode.swift; path = AppDelegate.swift; sourceTree = "<group>"; };
		C33A596519C7132100149BF2 /* Base */ = {isa = PBXFileReference; lastKnownFileType = file.storyboard; name = Base; path = Base.lproj/Main.storyboard; sourceTree = "<group>"; };
		C33A596719C7132100149BF2 /* Images.xcassets */ = {isa = PBXFileReference; lastKnownFileType = folder.assetcatalog; path = Images.xcassets; sourceTree = "<group>"; };
		C33A596D19C7132100149BF2 /* GitTestTests.xctest */ = {isa = PBXFileReference; explicitFileType = wrapper.cfbundle; includeInIndex = 0; path = GitTestTests.xctest; sourceTree = BUILT_PRODUCTS_DIR; };
		C33A597219C7132100149BF2 /* Info.plist */ = {isa = PBXFileReference; lastKnownFileType = text.plist.xml; path = Info.plist; sourceTree = "<group>"; };
		C33A597319C7132100149BF2 /* GitTestTests.swift */ = {isa = PBXFileReference; lastKnownFileType = sourcecode.swift; path = GitTestTests.swift; sourceTree = "<group>"; };
		C33A597D19C713E900149BF2 /* DetailViewController.swift */ = {isa = PBXFileReference; fileEncoding = 4; lastKnownFileType = sourcecode.swift; path = DetailViewController.swift; sourceTree = "<group>"; };
		C33A597E19C713E900149BF2 /* MasterViewController.swift */ = {isa = PBXFileReference; fileEncoding = 4; lastKnownFileType = sourcecode.swift; path = MasterViewController.swift; sourceTree = "<group>"; };
		C33A597F19C713E900149BF2 /* Pizza.swift */ = {isa = PBXFileReference; fileEncoding = 4; lastKnownFileType = sourcecode.swift; path = Pizza.swift; sourceTree = "<group>"; };
/* End PBXFileReference section */

/* Begin PBXFrameworksBuildPhase section */
		C33A595619C7132100149BF2 /* Frameworks */ = {
			isa = PBXFrameworksBuildPhase;
			buildActionMask = 2147483647;
			files = (
			);
			runOnlyForDeploymentPostprocessing = 0;
		};
		C33A596A19C7132100149BF2 /* Frameworks */ = {
			isa = PBXFrameworksBuildPhase;
			buildActionMask = 2147483647;
			files = (
			);
			runOnlyForDeploymentPostprocessing = 0;
		};
/* End PBXFrameworksBuildPhase section */

/* Begin PBXGroup section */
		C33A595019C7132100149BF2 = {
			isa = PBXGroup;
			children = (
				C33A597D19C713E900149BF2 /* DetailViewController.swift */,
				C33A597E19C713E900149BF2 /* MasterViewController.swift */,
				C33A597F19C713E900149BF2 /* Pizza.swift */,
				C33A595B19C7132100149BF2 /* GitTest */,
				C33A597019C7132100149BF2 /* GitTestTests */,
				C33A595A19C7132100149BF2 /* Products */,
			);
			sourceTree = "<group>";
		};
		C33A595A19C7132100149BF2 /* Products */ = {
			isa = PBXGroup;
			children = (
				C33A595919C7132100149BF2 /* GitTest.app */,
				C33A596D19C7132100149BF2 /* GitTestTests.xctest */,
			);
			name = Products;
			sourceTree = "<group>";
		};
		C33A595B19C7132100149BF2 /* GitTest */ = {
			isa = PBXGroup;
			children = (
				C33A595E19C7132100149BF2 /* AppDelegate.swift */,
				C33A596419C7132100149BF2 /* Main.storyboard */,
				C33A596719C7132100149BF2 /* Images.xcassets */,
				C33A595C19C7132100149BF2 /* Supporting Files */,
			);
			path = GitTest;
			sourceTree = "<group>";
		};
		C33A595C19C7132100149BF2 /* Supporting Files */ = {
			isa = PBXGroup;
			children = (
				C33A595D19C7132100149BF2 /* Info.plist */,
			);
			name = "Supporting Files";
			sourceTree = "<group>";
		};
		C33A597019C7132100149BF2 /* GitTestTests */ = {
			isa = PBXGroup;
			children = (
				C33A597319C7132100149BF2 /* GitTestTests.swift */,
				C33A597119C7132100149BF2 /* Supporting Files */,
			);
			path = GitTestTests;
			sourceTree = "<group>";
		};
		C33A597119C7132100149BF2 /* Supporting Files */ = {
			isa = PBXGroup;
			children = (
				C33A597219C7132100149BF2 /* Info.plist */,
			);
			name = "Supporting Files";
			sourceTree = "<group>";
		};
/* End PBXGroup section */

/* Begin PBXNativeTarget section */
		C33A595819C7132100149BF2 /* GitTest */ = {
			isa = PBXNativeTarget;
			buildConfigurationList = C33A597719C7132100149BF2 /* Build configuration list for PBXNativeTarget "GitTest" */;
			buildPhases = (
				C33A595519C7132100149BF2 /* Sources */,
				C33A595619C7132100149BF2 /* Frameworks */,
				C33A595719C7132100149BF2 /* Resources */,
			);
			buildRules = (
			);
			dependencies = (
			);
			name = GitTest;
			productName = GitTest;
			productReference = C33A595919C7132100149BF2 /* GitTest.app */;
			productType = "com.apple.product-type.application";
		};
		C33A596C19C7132100149BF2 /* GitTestTests */ = {
			isa = PBXNativeTarget;
			buildConfigurationList = C33A597A19C7132100149BF2 /* Build configuration list for PBXNativeTarget "GitTestTests" */;
			buildPhases = (
				C33A596919C7132100149BF2 /* Sources */,
				C33A596A19C7132100149BF2 /* Frameworks */,
				C33A596B19C7132100149BF2 /* Resources */,
			);
			buildRules = (
			);
			dependencies = (
				C33A596F19C7132100149BF2 /* PBXTargetDependency */,
			);
			name = GitTestTests;
			productName = GitTestTests;
			productReference = C33A596D19C7132100149BF2 /* GitTestTests.xctest */;
			productType = "com.apple.product-type.bundle.unit-test";
		};
/* End PBXNativeTarget section */

/* Begin PBXProject section */
		C33A595119C7132100149BF2 /* Project object */ = {
			isa = PBXProject;
			attributes = {
				LastUpgradeCheck = 0600;
				ORGANIZATIONNAME = IBM;
				TargetAttributes = {
					C33A595819C7132100149BF2 = {
						CreatedOnToolsVersion = 6.0;
					};
					C33A596C19C7132100149BF2 = {
						CreatedOnToolsVersion = 6.0;
						TestTargetID = C33A595819C7132100149BF2;
					};
				};
			};
			buildConfigurationList = C33A595419C7132100149BF2 /* Build configuration list for PBXProject "GitTest" */;
			compatibilityVersion = "Xcode 3.2";
			developmentRegion = English;
			hasScannedForEncodings = 0;
			knownRegions = (
				en,
				Base,
			);
			mainGroup = C33A595019C7132100149BF2;
			productRefGroup = C33A595A19C7132100149BF2 /* Products */;
			projectDirPath = "";
			projectRoot = "";
			targets = (
				C33A595819C7132100149BF2 /* GitTest */,
				C33A596C19C7132100149BF2 /* GitTestTests */,
			);
		};
/* End PBXProject section */

/* Begin PBXResourcesBuildPhase section */
		C33A595719C7132100149BF2 /* Resources */ = {
			isa = PBXResourcesBuildPhase;
			buildActionMask = 2147483647;
			files = (
				C33A596619C7132100149BF2 /* Main.storyboard in Resources */,
				C33A596819C7132100149BF2 /* Images.xcassets in Resources */,
			);
			runOnlyForDeploymentPostprocessing = 0;
		};
		C33A596B19C7132100149BF2 /* Resources */ = {
			isa = PBXResourcesBuildPhase;
			buildActionMask = 2147483647;
			files = (
			);
			runOnlyForDeploymentPostprocessing = 0;
		};
/* End PBXResourcesBuildPhase section */

/* Begin PBXSourcesBuildPhase section */
		C33A595519C7132100149BF2 /* Sources */ = {
			isa = PBXSourcesBuildPhase;
			buildActionMask = 2147483647;
			files = (
				C33A598219C713E900149BF2 /* Pizza.swift in Sources */,
				C33A595F19C7132100149BF2 /* AppDelegate.swift in Sources */,
				C33A598019C713E900149BF2 /* DetailViewController.swift in Sources */,
				C33A598119C713E900149BF2 /* MasterViewController.swift in Sources */,
			);
			runOnlyForDeploymentPostprocessing = 0;
		};
		C33A596919C7132100149BF2 /* Sources */ = {
			isa = PBXSourcesBuildPhase;
			buildActionMask = 2147483647;
			files = (
				C33A597419C7132100149BF2 /* GitTestTests.swift in Sources */,
			);
			runOnlyForDeploymentPostprocessing = 0;
		};
/* End PBXSourcesBuildPhase section */

/* Begin PBXTargetDependency section */
		C33A596F19C7132100149BF2 /* PBXTargetDependency */ = {
			isa = PBXTargetDependency;
			target = C33A595819C7132100149BF2 /* GitTest */;
			targetProxy = C33A596E19C7132100149BF2 /* PBXContainerItemProxy */;
		};
/* End PBXTargetDependency section */

/* Begin PBXVariantGroup section */
		C33A596419C7132100149BF2 /* Main.storyboard */ = {
			isa = PBXVariantGroup;
			children = (
				C33A596519C7132100149BF2 /* Base */,
			);
			name = Main.storyboard;
			sourceTree = "<group>";
		};
/* End PBXVariantGroup section */

/* Begin XCBuildConfiguration section */
		C33A597519C7132100149BF2 /* Debug */ = {
			isa = XCBuildConfiguration;
			buildSettings = {
				ALWAYS_SEARCH_USER_PATHS = NO;
				CLANG_CXX_LANGUAGE_STANDARD = "gnu++0x";
				CLANG_CXX_LIBRARY = "libc++";
				CLANG_ENABLE_MODULES = YES;
				CLANG_ENABLE_OBJC_ARC = YES;
				CLANG_WARN_BOOL_CONVERSION = YES;
				CLANG_WARN_CONSTANT_CONVERSION = YES;
				CLANG_WARN_DIRECT_OBJC_ISA_USAGE = YES_ERROR;
				CLANG_WARN_EMPTY_BODY = YES;
				CLANG_WARN_ENUM_CONVERSION = YES;
				CLANG_WARN_INT_CONVERSION = YES;
				CLANG_WARN_OBJC_ROOT_CLASS = YES_ERROR;
				CLANG_WARN_UNREACHABLE_CODE = YES;
				CLANG_WARN__DUPLICATE_METHOD_MATCH = YES;
				"CODE_SIGN_IDENTITY[sdk=iphoneos*]" = "iPhone Developer";
				COPY_PHASE_STRIP = NO;
				ENABLE_STRICT_OBJC_MSGSEND = YES;
				GCC_C_LANGUAGE_STANDARD = gnu99;
				GCC_DYNAMIC_NO_PIC = NO;
				GCC_OPTIMIZATION_LEVEL = 0;
				GCC_PREPROCESSOR_DEFINITIONS = (
					"DEBUG=1",
					"$(inherited)",
				);
				GCC_SYMBOLS_PRIVATE_EXTERN = NO;
				GCC_WARN_64_TO_32_BIT_CONVERSION = YES;
				GCC_WARN_ABOUT_RETURN_TYPE = YES_ERROR;
				GCC_WARN_UNDECLARED_SELECTOR = YES;
				GCC_WARN_UNINITIALIZED_AUTOS = YES_AGGRESSIVE;
				GCC_WARN_UNUSED_FUNCTION = YES;
				GCC_WARN_UNUSED_VARIABLE = YES;
				IPHONEOS_DEPLOYMENT_TARGET = 8.0;
				MTL_ENABLE_DEBUG_INFO = YES;
				ONLY_ACTIVE_ARCH = YES;
				SDKROOT = iphoneos;
				SWIFT_OPTIMIZATION_LEVEL = "-Onone";
				TARGETED_DEVICE_FAMILY = "1,2";
			};
			name = Debug;
		};
		C33A597619C7132100149BF2 /* Release */ = {
			isa = XCBuildConfiguration;
			buildSettings = {
				ALWAYS_SEARCH_USER_PATHS = NO;
				CLANG_CXX_LANGUAGE_STANDARD = "gnu++0x";
				CLANG_CXX_LIBRARY = "libc++";
				CLANG_ENABLE_MODULES = YES;
				CLANG_ENABLE_OBJC_ARC = YES;
				CLANG_WARN_BOOL_CONVERSION = YES;
				CLANG_WARN_CONSTANT_CONVERSION = YES;
				CLANG_WARN_DIRECT_OBJC_ISA_USAGE = YES_ERROR;
				CLANG_WARN_EMPTY_BODY = YES;
				CLANG_WARN_ENUM_CONVERSION = YES;
				CLANG_WARN_INT_CONVERSION = YES;
				CLANG_WARN_OBJC_ROOT_CLASS = YES_ERROR;
				CLANG_WARN_UNREACHABLE_CODE = YES;
				CLANG_WARN__DUPLICATE_METHOD_MATCH = YES;
				"CODE_SIGN_IDENTITY[sdk=iphoneos*]" = "iPhone Developer";
				COPY_PHASE_STRIP = YES;
				ENABLE_NS_ASSERTIONS = NO;
				ENABLE_STRICT_OBJC_MSGSEND = YES;
				GCC_C_LANGUAGE_STANDARD = gnu99;
				GCC_WARN_64_TO_32_BIT_CONVERSION = YES;
				GCC_WARN_ABOUT_RETURN_TYPE = YES_ERROR;
				GCC_WARN_UNDECLARED_SELECTOR = YES;
				GCC_WARN_UNINITIALIZED_AUTOS = YES_AGGRESSIVE;
				GCC_WARN_UNUSED_FUNCTION = YES;
				GCC_WARN_UNUSED_VARIABLE = YES;
				IPHONEOS_DEPLOYMENT_TARGET = 8.0;
				MTL_ENABLE_DEBUG_INFO = NO;
				SDKROOT = iphoneos;
				TARGETED_DEVICE_FAMILY = "1,2";
				VALIDATE_PRODUCT = YES;
			};
			name = Release;
		};
		C33A597819C7132100149BF2 /* Debug */ = {
			isa = XCBuildConfiguration;
			buildSettings = {
				ASSETCATALOG_COMPILER_APPICON_NAME = AppIcon;
				ASSETCATALOG_COMPILER_LAUNCHIMAGE_NAME = LaunchImage;
				INFOPLIST_FILE = GitTest/Info.plist;
				LD_RUNPATH_SEARCH_PATHS = "$(inherited) @executable_path/Frameworks";
				PRODUCT_NAME = "$(TARGET_NAME)";
			};
			name = Debug;
		};
		C33A597919C7132100149BF2 /* Release */ = {
			isa = XCBuildConfiguration;
			buildSettings = {
				ASSETCATALOG_COMPILER_APPICON_NAME = AppIcon;
				ASSETCATALOG_COMPILER_LAUNCHIMAGE_NAME = LaunchImage;
				INFOPLIST_FILE = GitTest/Info.plist;
				LD_RUNPATH_SEARCH_PATHS = "$(inherited) @executable_path/Frameworks";
				PRODUCT_NAME = "$(TARGET_NAME)";
			};
			name = Release;
		};
		C33A597B19C7132100149BF2 /* Debug */ = {
			isa = XCBuildConfiguration;
			buildSettings = {
				BUNDLE_LOADER = "$(TEST_HOST)";
				FRAMEWORK_SEARCH_PATHS = (
					"$(SDKROOT)/Developer/Library/Frameworks",
					"$(inherited)",
				);
				GCC_PREPROCESSOR_DEFINITIONS = (
					"DEBUG=1",
					"$(inherited)",
				);
				INFOPLIST_FILE = GitTestTests/Info.plist;
				LD_RUNPATH_SEARCH_PATHS = "$(inherited) @executable_path/Frameworks @loader_path/Frameworks";
				PRODUCT_NAME = "$(TARGET_NAME)";
				TEST_HOST = "$(BUILT_PRODUCTS_DIR)/GitTest.app/GitTest";
			};
			name = Debug;
		};
		C33A597C19C7132100149BF2 /* Release */ = {
			isa = XCBuildConfiguration;
			buildSettings = {
				BUNDLE_LOADER = "$(TEST_HOST)";
				FRAMEWORK_SEARCH_PATHS = (
					"$(SDKROOT)/Developer/Library/Frameworks",
					"$(inherited)",
				);
				INFOPLIST_FILE = GitTestTests/Info.plist;
				LD_RUNPATH_SEARCH_PATHS = "$(inherited) @executable_path/Frameworks @loader_path/Frameworks";
				PRODUCT_NAME = "$(TARGET_NAME)";
				TEST_HOST = "$(BUILT_PRODUCTS_DIR)/GitTest.app/GitTest";
			};
			name = Release;
		};
/* End XCBuildConfiguration section */

/* Begin XCConfigurationList section */
		C33A595419C7132100149BF2 /* Build configuration list for PBXProject "GitTest" */ = {
			isa = XCConfigurationList;
			buildConfigurations = (
				C33A597519C7132100149BF2 /* Debug */,
				C33A597619C7132100149BF2 /* Release */,
			);
			defaultConfigurationIsVisible = 0;
			defaultConfigurationName = Release;
		};
		C33A597719C7132100149BF2 /* Build configuration list for PBXNativeTarget "GitTest" */ = {
			isa = XCConfigurationList;
			buildConfigurations = (
				C33A597819C7132100149BF2 /* Debug */,
				C33A597919C7132100149BF2 /* Release */,
			);
			defaultConfigurationIsVisible = 0;
		};
		C33A597A19C7132100149BF2 /* Build configuration list for PBXNativeTarget "GitTestTests" */ = {
			isa = XCConfigurationList;
			buildConfigurations = (
				C33A597B19C7132100149BF2 /* Debug */,
				C33A597C19C7132100149BF2 /* Release */,
			);
			defaultConfigurationIsVisible = 0;
		};
/* End XCConfigurationList section */
	};
	rootObject = C33A595119C7132100149BF2 /* Project object */;
}
